
Microsoft Visual Studio Solution File, Format Version 12.00
# Visual Studio Version 17
VisualStudioVersion = 17.13.35828.75
MinimumVisualStudioVersion = 10.0.40219.1
Project("{FAE04EC0-301F-11D3-BF4B-00C04F79EFBC}") = "MainService.API", "API\MainService.API.csproj", "{FCAF85D8-CA9C-4781-BC67-3EBFA2913D7B}"
EndProject
Project("{FAE04EC0-301F-11D3-BF4B-00C04F79EFBC}") = "MainService.CORE", "CORE\MainService.CORE.csproj", "{C6FE9AD3-4D02-413F-B9DE-F3CE020612DD}"
EndProject
Project("{FAE04EC0-301F-11D3-BF4B-00C04F79EFBC}") = "MainService.APPLICATION", "APPLICATION\MainService.APPLICATION.csproj", "{854D9D7B-DB78-471C-B2DF-71E6525D3BA5}"
	ProjectSection(ProjectDependencies) = postProject
		{C6FE9AD3-4D02-413F-B9DE-F3CE020612DD} = {C6FE9AD3-4D02-413F-B9DE-F3CE020612DD}
	EndProjectSection
EndProject
Project("{FAE04EC0-301F-11D3-BF4B-00C04F79EFBC}") = "MainServiceINFRASTRUCTURE", "INFRASTRUCTURE\MainServiceINFRASTRUCTURE.csproj", "{2C4682E4-6EED-4CC1-B480-A96A13B7F820}"
	ProjectSection(ProjectDependencies) = postProject
		{854D9D7B-DB78-471C-B2DF-71E6525D3BA5} = {854D9D7B-DB78-471C-B2DF-71E6525D3BA5}
	EndProjectSection
EndProject
Project("{FAE04EC0-301F-11D3-BF4B-00C04F79EFBC}") = "MyfinanceService.API", "MyfinanceService.API\MyfinanceService.API.csproj", "{64D00E2C-AC4F-41C0-A7DA-38E6516B93AF}"
EndProject
Project("{FAE04EC0-301F-11D3-BF4B-00C04F79EFBC}") = "MyfinanceService.CORE", "MyfinanceService.CORE\MyfinanceService.CORE.csproj", "{5AE23E65-58B9-488D-A516-F55CB477CCCE}"
EndProject
Project("{FAE04EC0-301F-11D3-BF4B-00C04F79EFBC}") = "MyfinanceService.INFRASTRUCTURE", "MyfinanceService.INFRASTRUCTURE\MyfinanceService.INFRASTRUCTURE.csproj", "{740E6905-E063-4BCF-A688-FCC50D447311}"
EndProject
Project("{FAE04EC0-301F-11D3-BF4B-00C04F79EFBC}") = "MyfinanceService.APPLICATION", "MyfinanceService.APPLICATION\MyfinanceService.APPLICATION.csproj", "{1BF92366-8C76-4CD7-84BC-A9C4D039B0A1}"
EndProject
Global
	GlobalSection(SolutionConfigurationPlatforms) = preSolution
		Debug|Any CPU = Debug|Any CPU
		Release|Any CPU = Release|Any CPU
	EndGlobalSection
	GlobalSection(ProjectConfigurationPlatforms) = postSolution
		{FCAF85D8-CA9C-4781-BC67-3EBFA2913D7B}.Debug|Any CPU.ActiveCfg = Debug|Any CPU
		{FCAF85D8-CA9C-4781-BC67-3EBFA2913D7B}.Debug|Any CPU.Build.0 = Debug|Any CPU
		{FCAF85D8-CA9C-4781-BC67-3EBFA2913D7B}.Release|Any CPU.ActiveCfg = Release|Any CPU
		{FCAF85D8-CA9C-4781-BC67-3EBFA2913D7B}.Release|Any CPU.Build.0 = Release|Any CPU
		{C6FE9AD3-4D02-413F-B9DE-F3CE020612DD}.Debug|Any CPU.ActiveCfg = Debug|Any CPU
		{C6FE9AD3-4D02-413F-B9DE-F3CE020612DD}.Debug|Any CPU.Build.0 = Debug|Any CPU
		{C6FE9AD3-4D02-413F-B9DE-F3CE020612DD}.Release|Any CPU.ActiveCfg = Release|Any CPU
		{C6FE9AD3-4D02-413F-B9DE-F3CE020612DD}.Release|Any CPU.Build.0 = Release|Any CPU
		{854D9D7B-DB78-471C-B2DF-71E6525D3BA5}.Debug|Any CPU.ActiveCfg = Debug|Any CPU
		{854D9D7B-DB78-471C-B2DF-71E6525D3BA5}.Debug|Any CPU.Build.0 = Debug|Any CPU
		{854D9D7B-DB78-471C-B2DF-71E6525D3BA5}.Release|Any CPU.ActiveCfg = Release|Any CPU
		{854D9D7B-DB78-471C-B2DF-71E6525D3BA5}.Release|Any CPU.Build.0 = Release|Any CPU
		{2C4682E4-6EED-4CC1-B480-A96A13B7F820}.Debug|Any CPU.ActiveCfg = Debug|Any CPU
		{2C4682E4-6EED-4CC1-B480-A96A13B7F820}.Debug|Any CPU.Build.0 = Debug|Any CPU
		{2C4682E4-6EED-4CC1-B480-A96A13B7F820}.Release|Any CPU.ActiveCfg = Release|Any CPU
		{2C4682E4-6EED-4CC1-B480-A96A13B7F820}.Release|Any CPU.Build.0 = Release|Any CPU
		{64D00E2C-AC4F-41C0-A7DA-38E6516B93AF}.Debug|Any CPU.ActiveCfg = Debug|Any CPU
		{64D00E2C-AC4F-41C0-A7DA-38E6516B93AF}.Debug|Any CPU.Build.0 = Debug|Any CPU
		{64D00E2C-AC4F-41C0-A7DA-38E6516B93AF}.Release|Any CPU.ActiveCfg = Release|Any CPU
		{64D00E2C-AC4F-41C0-A7DA-38E6516B93AF}.Release|Any CPU.Build.0 = Release|Any CPU
		{5AE23E65-58B9-488D-A516-F55CB477CCCE}.Debug|Any CPU.ActiveCfg = Debug|Any CPU
		{5AE23E65-58B9-488D-A516-F55CB477CCCE}.Debug|Any CPU.Build.0 = Debug|Any CPU
		{5AE23E65-58B9-488D-A516-F55CB477CCCE}.Release|Any CPU.ActiveCfg = Release|Any CPU
		{5AE23E65-58B9-488D-A516-F55CB477CCCE}.Release|Any CPU.Build.0 = Release|Any CPU
		{740E6905-E063-4BCF-A688-FCC50D447311}.Debug|Any CPU.ActiveCfg = Debug|Any CPU
		{740E6905-E063-4BCF-A688-FCC50D447311}.Debug|Any CPU.Build.0 = Debug|Any CPU
		{740E6905-E063-4BCF-A688-FCC50D447311}.Release|Any CPU.ActiveCfg = Release|Any CPU
		{740E6905-E063-4BCF-A688-FCC50D447311}.Release|Any CPU.Build.0 = Release|Any CPU
		{1BF92366-8C76-4CD7-84BC-A9C4D039B0A1}.Debug|Any CPU.ActiveCfg = Debug|Any CPU
		{1BF92366-8C76-4CD7-84BC-A9C4D039B0A1}.Debug|Any CPU.Build.0 = Debug|Any CPU
		{1BF92366-8C76-4CD7-84BC-A9C4D039B0A1}.Release|Any CPU.ActiveCfg = Release|Any CPU
		{1BF92366-8C76-4CD7-84BC-A9C4D039B0A1}.Release|Any CPU.Build.0 = Release|Any CPU
	EndGlobalSection
	GlobalSection(SolutionProperties) = preSolution
		HideSolutionNode = FALSE
	EndGlobalSection
	GlobalSection(ExtensibilityGlobals) = postSolution
		SolutionGuid = {A0F35DCE-6D43-45C5-B1AC-BB33AC7C3B99}
	EndGlobalSection
EndGlobal
