
Microsoft Visual Studio Solution File, Format Version 12.00
# Visual Studio Version 17
VisualStudioVersion = 17.13.35828.75 d17.13
MinimumVisualStudioVersion = 10.0.40219.1
Project("{FAE04EC0-301F-11D3-BF4B-00C04F79EFBC}") = "MainService.API", "MainService.API\MainService.API.csproj", "{FCAF85D8-CA9C-4781-BC67-3EBFA2913D7B}"
EndProject
Project("{FAE04EC0-301F-11D3-BF4B-00C04F79EFBC}") = "MainService.CORE", "MainService.CORE\MainService.CORE.csproj", "{C6FE9AD3-4D02-413F-B9DE-F3CE020612DD}"
EndProject
Project("{FAE04EC0-301F-11D3-BF4B-00C04F79EFBC}") = "MainService.APPLICATION", "MainService.APPLICATION\MainService.APPLICATION.csproj", "{854D9D7B-DB78-471C-B2DF-71E6525D3BA5}"
	ProjectSection(ProjectDependencies) = postProject
		{C6FE9AD3-4D02-413F-B9DE-F3CE020612DD} = {C6FE9AD3-4D02-413F-B9DE-F3CE020612DD}
	EndProjectSection
EndProject
Project("{FAE04EC0-301F-11D3-BF4B-00C04F79EFBC}") = "MainService.INFRASTRUCTURE", "MainService.INFRASTRUCTURE\MainService.INFRASTRUCTURE.csproj", "{2C4682E4-6EED-4CC1-B480-A96A13B7F820}"
	ProjectSection(ProjectDependencies) = postProject
		{854D9D7B-DB78-471C-B2DF-71E6525D3BA5} = {854D9D7B-DB78-471C-B2DF-71E6525D3BA5}
	EndProjectSection
EndProject
Global
	GlobalSection(SolutionConfigurationPlatforms) = preSolution
		Debug|Any CPU = Debug|Any CPU
		Release|Any CPU = Release|Any CPU
	EndGlobalSection
	GlobalSection(ProjectConfigurationPlatforms) = postSolution
		{FCAF85D8-CA9C-4781-BC67-3EBFA2913D7B}.Debug|Any CPU.ActiveCfg = Debug|Any CPU
		{FCAF85D8-CA9C-4781-BC67-3EBFA2913D7B}.Debug|Any CPU.Build.0 = Debug|Any CPU
		{FCAF85D8-CA9C-4781-BC67-3EBFA2913D7B}.Release|Any CPU.ActiveCfg = Release|Any CPU
		{FCAF85D8-CA9C-4781-BC67-3EBFA2913D7B}.Release|Any CPU.Build.0 = Release|Any CPU
		{C6FE9AD3-4D02-413F-B9DE-F3CE020612DD}.Debug|Any CPU.ActiveCfg = Debug|Any CPU
		{C6FE9AD3-4D02-413F-B9DE-F3CE020612DD}.Debug|Any CPU.Build.0 = Debug|Any CPU
		{C6FE9AD3-4D02-413F-B9DE-F3CE020612DD}.Release|Any CPU.ActiveCfg = Release|Any CPU
		{C6FE9AD3-4D02-413F-B9DE-F3CE020612DD}.Release|Any CPU.Build.0 = Release|Any CPU
		{854D9D7B-DB78-471C-B2DF-71E6525D3BA5}.Debug|Any CPU.ActiveCfg = Debug|Any CPU
		{854D9D7B-DB78-471C-B2DF-71E6525D3BA5}.Debug|Any CPU.Build.0 = Debug|Any CPU
		{854D9D7B-DB78-471C-B2DF-71E6525D3BA5}.Release|Any CPU.ActiveCfg = Release|Any CPU
		{854D9D7B-DB78-471C-B2DF-71E6525D3BA5}.Release|Any CPU.Build.0 = Release|Any CPU
		{2C4682E4-6EED-4CC1-B480-A96A13B7F820}.Debug|Any CPU.ActiveCfg = Debug|Any CPU
		{2C4682E4-6EED-4CC1-B480-A96A13B7F820}.Debug|Any CPU.Build.0 = Debug|Any CPU
		{2C4682E4-6EED-4CC1-B480-A96A13B7F820}.Release|Any CPU.ActiveCfg = Release|Any CPU
		{2C4682E4-6EED-4CC1-B480-A96A13B7F820}.Release|Any CPU.Build.0 = Release|Any CPU
	EndGlobalSection
	GlobalSection(SolutionProperties) = preSolution
		HideSolutionNode = FALSE
	EndGlobalSection
	GlobalSection(ExtensibilityGlobals) = postSolution
		SolutionGuid = {A0F35DCE-6D43-45C5-B1AC-BB33AC7C3B99}
	EndGlobalSection
EndGlobal
